PODS:
  - Alamofire (5.8.0)
  - Firebase/Core (10.18.0):
    - Firebase/CoreOnly
    - FirebaseAnalytics (~> 10.18.0)
  - Firebase/CoreOnly (10.18.0):
    - FirebaseCore (= 10.18.0)
  - FirebaseCore (10.18.0):
    - FirebaseCoreInternal (~> 10.0)
  - SnapKit (5.6.0)

DEPENDENCIES:
  - Alamofire (~> 5.8)
  - Firebase/Core
  - SnapKit

SPEC CHECKSUMS:
  Alamofire: 3ca42e259043ee0dc5c0cdd76c4bc568b8e42af7
  Firebase: 10c8cb12fb7ad2ae0c09ffda6551c0f66c72ff5d
  SnapKit: e01d52ebb8ddbc333eefe2132acf85c8227d9c25

PODFILE CHECKSUM: 9c8f3b2a1d0e5f6a7b8c9d0e1f2a3b4c5d6e7f80

COCOAPODS: 1.15.2
